
Microsoft Visual Studio Solution File, Format Version 12.00
# Visual Studio Version 16
VisualStudioVersion = 16.0.32106.194
MinimumVisualStudioVersion = 10.0.40219.1
Project("{FAE04EC0-301F-11D3-BF4B-00C04F79EFBC}") = "lab2", "lab2.csproj", "{21618FEC-BDA9-4EEA-9311-9FBB461CC6AA}"
EndProject
Global
	GlobalSection(SolutionConfigurationPlatforms) = preSolution
		Debug|Any CPU = Debug|Any CPU
		Release|Any CPU = Release|Any CPU
	EndGlobalSection
	GlobalSection(ProjectConfigurationPlatforms) = postSolution
		{21618FEC-BDA9-4EEA-9311-9FBB461CC6AA}.Debug|Any CPU.ActiveCfg = Debug|Any CPU
		{21618FEC-BDA9-4EEA-9311-9FBB461CC6AA}.Debug|Any CPU.Build.0 = Debug|Any CPU
		{21618FEC-BDA9-4EEA-9311-9FBB461CC6AA}.Release|Any CPU.ActiveCfg = Release|Any CPU
		{21618FEC-BDA9-4EEA-9311-9FBB461CC6AA}.Release|Any CPU.Build.0 = Release|Any CPU
	EndGlobalSection
	GlobalSection(SolutionProperties) = preSolution
		HideSolutionNode = FALSE
	EndGlobalSection
	GlobalSection(ExtensibilityGlobals) = postSolution
		SolutionGuid = {FDF81032-9F3C-4D5D-AD7F-D4A56C7F3A5E}
	EndGlobalSection
EndGlobal
